
Microsoft Visual Studio Solution File, Format Version 12.00
# Visual Studio 15
VisualStudioVersion = 15.0.26124.0
MinimumVisualStudioVersion = 15.0.26124.0
Project("{FAE04EC0-301F-11D3-BF4B-00C04F79EFBC}") = "Collector", "sln\Collector\Collector.csproj", "{7395E65D-5CD5-4DB3-BC0A-6BF2CD81943A}"
EndProject
Project("{FAE04EC0-301F-11D3-BF4B-00C04F79EFBC}") = "Tests", "sln\Tests\Tests.csproj", "{507BFB7E-1823-44C2-943F-1750D71E5C81}"
EndProject
Global
	GlobalSection(SolutionConfigurationPlatforms) = preSolution
		Debug|Any CPU = Debug|Any CPU
		Debug|x64 = Debug|x64
		Debug|x86 = Debug|x86
		Release|Any CPU = Release|Any CPU
		Release|x64 = Release|x64
		Release|x86 = Release|x86
	EndGlobalSection
	GlobalSection(SolutionProperties) = preSolution
		HideSolutionNode = FALSE
	EndGlobalSection
	GlobalSection(ProjectConfigurationPlatforms) = postSolution
		{7395E65D-5CD5-4DB3-BC0A-6BF2CD81943A}.Debug|Any CPU.ActiveCfg = Debug|Any CPU
		{7395E65D-5CD5-4DB3-BC0A-6BF2CD81943A}.Debug|Any CPU.Build.0 = Debug|Any CPU
		{7395E65D-5CD5-4DB3-BC0A-6BF2CD81943A}.Debug|x64.ActiveCfg = Debug|Any CPU
		{7395E65D-5CD5-4DB3-BC0A-6BF2CD81943A}.Debug|x64.Build.0 = Debug|Any CPU
		{7395E65D-5CD5-4DB3-BC0A-6BF2CD81943A}.Debug|x86.ActiveCfg = Debug|Any CPU
		{7395E65D-5CD5-4DB3-BC0A-6BF2CD81943A}.Debug|x86.Build.0 = Debug|Any CPU
		{7395E65D-5CD5-4DB3-BC0A-6BF2CD81943A}.Release|Any CPU.ActiveCfg = Release|Any CPU
		{7395E65D-5CD5-4DB3-BC0A-6BF2CD81943A}.Release|Any CPU.Build.0 = Release|Any CPU
		{7395E65D-5CD5-4DB3-BC0A-6BF2CD81943A}.Release|x64.ActiveCfg = Release|Any CPU
		{7395E65D-5CD5-4DB3-BC0A-6BF2CD81943A}.Release|x64.Build.0 = Release|Any CPU
		{7395E65D-5CD5-4DB3-BC0A-6BF2CD81943A}.Release|x86.ActiveCfg = Release|Any CPU
		{7395E65D-5CD5-4DB3-BC0A-6BF2CD81943A}.Release|x86.Build.0 = Release|Any CPU
		{507BFB7E-1823-44C2-943F-1750D71E5C81}.Debug|Any CPU.ActiveCfg = Debug|Any CPU
		{507BFB7E-1823-44C2-943F-1750D71E5C81}.Debug|Any CPU.Build.0 = Debug|Any CPU
		{507BFB7E-1823-44C2-943F-1750D71E5C81}.Debug|x64.ActiveCfg = Debug|Any CPU
		{507BFB7E-1823-44C2-943F-1750D71E5C81}.Debug|x64.Build.0 = Debug|Any CPU
		{507BFB7E-1823-44C2-943F-1750D71E5C81}.Debug|x86.ActiveCfg = Debug|Any CPU
		{507BFB7E-1823-44C2-943F-1750D71E5C81}.Debug|x86.Build.0 = Debug|Any CPU
		{507BFB7E-1823-44C2-943F-1750D71E5C81}.Release|Any CPU.ActiveCfg = Release|Any CPU
		{507BFB7E-1823-44C2-943F-1750D71E5C81}.Release|Any CPU.Build.0 = Release|Any CPU
		{507BFB7E-1823-44C2-943F-1750D71E5C81}.Release|x64.ActiveCfg = Release|Any CPU
		{507BFB7E-1823-44C2-943F-1750D71E5C81}.Release|x64.Build.0 = Release|Any CPU
		{507BFB7E-1823-44C2-943F-1750D71E5C81}.Release|x86.ActiveCfg = Release|Any CPU
		{507BFB7E-1823-44C2-943F-1750D71E5C81}.Release|x86.Build.0 = Release|Any CPU
	EndGlobalSection
EndGlobal
